
Microsoft Visual Studio Solution File, Format Version 12.00
# Visual Studio Version 16
VisualStudioVersion = 16.0.30621.155
MinimumVisualStudioVersion = 10.0.40219.1
Project("{FAE04EC0-301F-11D3-BF4B-00C04F79EFBC}") = "zohabutton", "zohabutton\zohabutton.csproj", "{9BA1B062-39E9-4A03-81A4-E2F367D2D668}"
EndProject
Global
	GlobalSection(SolutionConfigurationPlatforms) = preSolution
		Debug|Any CPU = Debug|Any CPU
		Release|Any CPU = Release|Any CPU
	EndGlobalSection
	GlobalSection(ProjectConfigurationPlatforms) = postSolution
		{9BA1B062-39E9-4A03-81A4-E2F367D2D668}.Debug|Any CPU.ActiveCfg = Debug|Any CPU
		{9BA1B062-39E9-4A03-81A4-E2F367D2D668}.Debug|Any CPU.Build.0 = Debug|Any CPU
		{9BA1B062-39E9-4A03-81A4-E2F367D2D668}.Release|Any CPU.ActiveCfg = Release|Any CPU
		{9BA1B062-39E9-4A03-81A4-E2F367D2D668}.Release|Any CPU.Build.0 = Release|Any CPU
	EndGlobalSection
	GlobalSection(SolutionProperties) = preSolution
		HideSolutionNode = FALSE
	EndGlobalSection
	GlobalSection(ExtensibilityGlobals) = postSolution
		SolutionGuid = {0B96D813-E430-411F-A3DD-F28EC8215A76}
	EndGlobalSection
EndGlobal
